{
  "name": "@musikanimal/sql-optimizer",
  "requires": true,
  "lockfileVersion": 1,
  "dependencies": {
    "accept": {
      "version": "3.0.2",
      "resolved": "https://registry.npmjs.org/accept/-/accept-3.0.2.tgz",
      "integrity": "sha512-bghLXFkCOsC1Y2TZ51etWfKDs6q249SAoHTZVfzWWdlZxoij+mgkj9AmUJWQpDY48TfnrTDIe43Xem4zdMe7mQ==",
      "requires": {
        "boom": "7.x.x",
        "hoek": "5.x.x"
      }
    },
    "ammo": {
      "version": "3.0.1",
      "resolved": "https://registry.npmjs.org/ammo/-/ammo-3.0.1.tgz",
      "integrity": "sha512-4UqoM8xQjwkQ78oiU4NbBK0UgYqeKMAKmwE4ec7Rz3rGU8ZEBFxzgF2sUYKOAlqIXExBDYLN6y1ShF5yQ4hwLQ==",
      "requires": {
        "hoek": "5.x.x"
      }
    },
    "ansicolors": {
      "version": "0.2.1",
      "resolved": "https://registry.npmjs.org/ansicolors/-/ansicolors-0.2.1.tgz",
      "integrity": "sha1-vgiVmQl7dKXJxKhKDNvNtivYeu8="
    },
    "b64": {
      "version": "4.0.0",
      "resolved": "https://registry.npmjs.org/b64/-/b64-4.0.0.tgz",
      "integrity": "sha512-EhmUQodKB0sdzPPrbIWbGqA5cQeTWxYrAgNeeT1rLZWtD3tbNTnphz8J4vkXI3cPgBNlXBjzEbzDzq0Nwi4f9A=="
    },
    "balanced-match": {
      "version": "1.0.0",
      "resolved": "https://registry.npmjs.org/balanced-match/-/balanced-match-1.0.0.tgz",
      "integrity": "sha1-ibTRmasr7kneFk6gK4nORi1xt2c="
    },
    "big-time": {
      "version": "2.0.1",
      "resolved": "https://registry.npmjs.org/big-time/-/big-time-2.0.1.tgz",
      "integrity": "sha1-aMffjcMPl+lT8lpnp2rJcTwWyd4="
    },
    "boom": {
      "version": "7.2.0",
      "resolved": "https://registry.npmjs.org/boom/-/boom-7.2.0.tgz",
      "integrity": "sha1-K/8kpVVldn/ehp7ICDF+sQxI6WY=",
      "requires": {
        "hoek": "5.x.x"
      }
    },
    "bounce": {
      "version": "1.2.0",
      "resolved": "https://registry.npmjs.org/bounce/-/bounce-1.2.0.tgz",
      "integrity": "sha512-8syCGe8B2/WC53118/F/tFy5aW00j+eaGPXmAUP7iBhxc+EBZZxS1vKelWyBCH6IqojgS2t1gF0glH30qAJKEw==",
      "requires": {
        "boom": "7.x.x",
        "hoek": "5.x.x"
      }
    },
    "brace-expansion": {
      "version": "1.1.11",
      "resolved": "https://registry.npmjs.org/brace-expansion/-/brace-expansion-1.1.11.tgz",
      "integrity": "sha512-iCuPHDFgrHX7H2vEI/5xpz07zSHB00TpugqhmYtVmMO6518mCuRMoOYFldEBl0g187ufozdaHgWKcYFb61qGiA==",
      "requires": {
        "balanced-match": "^1.0.0",
        "concat-map": "0.0.1"
      }
    },
    "call": {
      "version": "5.0.1",
      "resolved": "https://registry.npmjs.org/call/-/call-5.0.1.tgz",
      "integrity": "sha512-ollfFPSshiuYLp7AsrmpkQJ/PxCi6AzV81rCjBwWhyF2QGyUY/vPDMzoh4aUcWyucheRglG2LaS5qkIEfLRh6A==",
      "requires": {
        "boom": "7.x.x",
        "hoek": "5.x.x"
      }
    },
    "cardinal": {
      "version": "1.0.0",
      "resolved": "https://registry.npmjs.org/cardinal/-/cardinal-1.0.0.tgz",
      "integrity": "sha1-UOIcGwqjdyn5N33vGWtanOyTLuk=",
      "requires": {
        "ansicolors": "~0.2.1",
        "redeyed": "~1.0.0"
      }
    },
    "catbox": {
      "version": "10.0.2",
      "resolved": "https://registry.npmjs.org/catbox/-/catbox-10.0.2.tgz",
      "integrity": "sha512-cTQTQeKMhWHU0lX8CADE3g1koGJu+AlcWFzAjMX/8P+XbkScGYw3tJsQpe2Oh8q68vOQbOLacz9k+6V/F3Z9DA==",
      "requires": {
        "boom": "7.x.x",
        "bounce": "1.x.x",
        "hoek": "5.x.x",
        "joi": "13.x.x"
      }
    },
    "catbox-memory": {
      "version": "3.1.2",
      "resolved": "https://registry.npmjs.org/catbox-memory/-/catbox-memory-3.1.2.tgz",
      "integrity": "sha512-lhWtutLVhsq3Mucxk2McxBPPibJ34WcHuWFz3xqub9u9Ve/IQYpZv3ijLhQXfQped9DXozURiaq9O3aZpP91eg==",
      "requires": {
        "big-time": "2.x.x",
        "boom": "7.x.x",
        "hoek": "5.x.x"
      }
    },
    "codemirror": {
      "version": "5.37.0",
      "resolved": "https://registry.npmjs.org/codemirror/-/codemirror-5.37.0.tgz",
      "integrity": "sha512-dQaayDJCLU4UJcwg2RM44oFrs0dMNndTp6qxQJF6XI71l1xN3RB4IqiKES0b0rccbARbrD/UBB4t8DNknfaOTw=="
    },
    "concat-map": {
      "version": "0.0.1",
      "resolved": "https://registry.npmjs.org/concat-map/-/concat-map-0.0.1.tgz",
      "integrity": "sha1-2Klr13/Wjfd5OnMDajug1UBdR3s="
    },
    "content": {
      "version": "4.0.5",
      "resolved": "https://registry.npmjs.org/content/-/content-4.0.5.tgz",
      "integrity": "sha512-wDP6CTWDpwCf791fNxlCCkZGRkrNzSEU/8ju9Hnr3Uc5mF/gFR5W+fcoGm6zUSlVPdSXYn5pCbySADKj7YM4Cg==",
      "requires": {
        "boom": "7.x.x"
      }
    },
    "core-util-is": {
      "version": "1.0.2",
      "resolved": "https://registry.npmjs.org/core-util-is/-/core-util-is-1.0.2.tgz",
      "integrity": "sha1-tf1UIgqivFq1eqtxQMlAdUUDwac="
    },
    "cryptiles": {
      "version": "4.1.1",
      "resolved": "https://registry.npmjs.org/cryptiles/-/cryptiles-4.1.1.tgz",
      "integrity": "sha512-YuQUPbcOmaZsdvxJZ25DCA1W+lLIRoPJKBDKin+St1RCYEERSfoe1d25B1MvWNHN3e8SpFSVsqYvEUjp8J9H2w==",
      "requires": {
        "boom": "7.x.x"
      }
    },
    "denque": {
      "version": "1.2.3",
      "resolved": "https://registry.npmjs.org/denque/-/denque-1.2.3.tgz",
      "integrity": "sha512-BOjyD1zPf7gqgXlXBCnCsz84cbRNfqpQNvWOUiw3Onu9s7a2afW2LyHzctoie/2KELfUoZkNHTnW02C3hCU20w=="
    },
    "esprima": {
      "version": "3.0.0",
      "resolved": "https://registry.npmjs.org/esprima/-/esprima-3.0.0.tgz",
      "integrity": "sha1-U88kes2ncxPlUcOqLnM0LT+099k="
    },
    "foreachasync": {
      "version": "3.0.0",
      "resolved": "https://registry.npmjs.org/foreachasync/-/foreachasync-3.0.0.tgz",
      "integrity": "sha1-VQKYfchxS+M5IJfzLgBxyd7gfPY="
    },
    "generate-function": {
      "version": "2.0.0",
      "resolved": "https://registry.npmjs.org/generate-function/-/generate-function-2.0.0.tgz",
      "integrity": "sha1-aFj+fAlpt9TpCTM3ZHrHn2DfvnQ="
    },
    "hapi": {
      "version": "17.4.0",
      "resolved": "https://registry.npmjs.org/hapi/-/hapi-17.4.0.tgz",
      "integrity": "sha512-ZxzvlGVs0lb7MW4AGxFQ/TM4rOvH6aeR4O0kj47eWy0VjGshlTZFPTighstJQPJy/bKTrlMaThn5ES87fwmGTA==",
      "requires": {
        "accept": "3.x.x",
        "ammo": "3.x.x",
        "boom": "7.x.x",
        "bounce": "1.x.x",
        "call": "5.x.x",
        "catbox": "10.x.x",
        "catbox-memory": "3.x.x",
        "heavy": "6.x.x",
        "hoek": "5.x.x",
        "joi": "13.x.x",
        "mimos": "4.x.x",
        "podium": "3.x.x",
        "shot": "4.x.x",
        "statehood": "6.x.x",
        "subtext": "6.x.x",
        "teamwork": "3.x.x",
        "topo": "3.x.x"
      }
    },
    "heavy": {
      "version": "6.1.0",
      "resolved": "https://registry.npmjs.org/heavy/-/heavy-6.1.0.tgz",
      "integrity": "sha512-TKS9DC9NOTGulHQI31Lx+bmeWmNOstbJbGMiN3pX6bF+Zc2GKSpbbym4oasNnB6yPGkqJ9TQXXYDGohqNSJRxA==",
      "requires": {
        "boom": "7.x.x",
        "hoek": "5.x.x",
        "joi": "13.x.x"
      }
    },
    "hoek": {
      "version": "5.0.3",
      "resolved": "https://registry.npmjs.org/hoek/-/hoek-5.0.3.tgz",
      "integrity": "sha512-Bmr56pxML1c9kU+NS51SMFkiVQAb+9uFfXwyqR2tn4w2FPvmPt65eZ9aCcEfRXd9G74HkZnILC6p967pED4aiw=="
    },
    "iconv-lite": {
      "version": "0.4.23",
      "resolved": "https://registry.npmjs.org/iconv-lite/-/iconv-lite-0.4.23.tgz",
      "integrity": "sha512-neyTUVFtahjf0mB3dZT77u+8O0QB89jFdnBkd5P1JgYPbPaia3gXXOVL2fq8VyU2gMMD7SaN7QukTB/pmXYvDA==",
      "requires": {
        "safer-buffer": ">= 2.1.2 < 3"
      }
    },
    "inert": {
      "version": "5.1.0",
      "resolved": "https://registry.npmjs.org/inert/-/inert-5.1.0.tgz",
      "integrity": "sha512-5rJZbezGEkBN4QrP/HEEwsQ0N+7YzqDZrvBZrE7B0CrNY6I4XKI434aL3UNLCmbI4HzPGQs7Ae/4h1tiTMJ6Wg==",
      "requires": {
        "ammo": "3.x.x",
        "boom": "7.x.x",
        "bounce": "1.x.x",
        "hoek": "5.x.x",
        "joi": "13.x.x",
        "lru-cache": "4.1.x"
      }
    },
    "inherits": {
      "version": "2.0.3",
      "resolved": "https://registry.npmjs.org/inherits/-/inherits-2.0.3.tgz",
      "integrity": "sha1-Yzwsg+PaQqUC9SRmAiSA9CCCYd4="
    },
    "iron": {
      "version": "5.0.4",
      "resolved": "https://registry.npmjs.org/iron/-/iron-5.0.4.tgz",
      "integrity": "sha512-7iQ5/xFMIYaNt9g2oiNiWdhrOTdRUMFaWENUd0KghxwPUhrIH8DUY8FEyLNTTzf75jaII+jMexLdY/2HfV61RQ==",
      "requires": {
        "boom": "7.x.x",
        "cryptiles": "4.x.x",
        "hoek": "5.x.x"
      }
    },
    "isarray": {
      "version": "1.0.0",
      "resolved": "https://registry.npmjs.org/isarray/-/isarray-1.0.0.tgz",
      "integrity": "sha1-u5NdSFgsuhaMBoNJV6VKPgcSTxE="
    },
    "isemail": {
      "version": "3.1.2",
      "resolved": "https://registry.npmjs.org/isemail/-/isemail-3.1.2.tgz",
      "integrity": "sha512-zfRhJn9rFSGhzU5tGZqepRSAj3+g6oTOHxMGGriWNJZzyLPUK8H7VHpqKntegnW8KLyGA9zwuNaCoopl40LTpg==",
      "requires": {
        "punycode": "2.x.x"
      }
    },
    "items": {
      "version": "2.1.1",
      "resolved": "https://registry.npmjs.org/items/-/items-2.1.1.tgz",
      "integrity": "sha1-i9FtnIOxlSneWuoyGsqtp4NkoZg="
    },
    "joi": {
      "version": "13.3.0",
      "resolved": "https://registry.npmjs.org/joi/-/joi-13.3.0.tgz",
      "integrity": "sha512-iF6jEYVfBIoYXztYymia1JfuoVbxBNuOcwdbsdoGin9/jjhBLhonKmfTQOvePss8r8v4tU4JOcNmYPHZzKEFag==",
      "requires": {
        "hoek": "5.x.x",
        "isemail": "3.x.x",
        "topo": "3.x.x"
      }
    },
    "locutus": {
      "version": "2.0.9",
      "resolved": "https://registry.npmjs.org/locutus/-/locutus-2.0.9.tgz",
      "integrity": "sha1-4mWvHoX9GRc+dDhjc4iFYHg6Avw="
    },
    "long": {
      "version": "4.0.0",
      "resolved": "https://registry.npmjs.org/long/-/long-4.0.0.tgz",
      "integrity": "sha512-XsP+KhQif4bjX1kbuSiySJFNAehNxgLb6hPRGJ9QsUr8ajHkuXGdrHmFUTUUXhDwVX2R5bY4JNZEwbUiMhV+MA=="
    },
    "lru-cache": {
      "version": "4.1.1",
      "resolved": "https://registry.npmjs.org/lru-cache/-/lru-cache-4.1.1.tgz",
      "integrity": "sha512-q4spe4KTfsAS1SUHLO0wz8Qiyf1+vMIAgpRYioFYDMNqKfHQbg+AVDH3i4fvpl71/P1L0dBl+fQi+P37UYf0ew==",
      "requires": {
        "pseudomap": "^1.0.2",
        "yallist": "^2.1.2"
      }
    },
    "mime-db": {
      "version": "1.33.0",
      "resolved": "https://registry.npmjs.org/mime-db/-/mime-db-1.33.0.tgz",
      "integrity": "sha512-BHJ/EKruNIqJf/QahvxwQZXKygOQ256myeN/Ew+THcAa5q+PjyTTMMeNQC4DZw5AwfvelsUrA6B67NKMqXDbzQ=="
    },
    "mimos": {
      "version": "4.0.0",
      "resolved": "https://registry.npmjs.org/mimos/-/mimos-4.0.0.tgz",
      "integrity": "sha512-JvlvRLqGIlk+AYypWrbrDmhsM+6JVx/xBM5S3AMwTBz1trPCEoPN/swO2L4Wu653fL7oJdgk8DMQyG/Gq3JkZg==",
      "requires": {
        "hoek": "5.x.x",
        "mime-db": "1.x.x"
      }
    },
    "minimatch": {
      "version": "3.0.4",
      "resolved": "https://registry.npmjs.org/minimatch/-/minimatch-3.0.4.tgz",
      "integrity": "sha512-yJHVQEhyqPLUTgt9B83PXu6W3rx4MvvHvSUvToogpwoGDOUQ+yDrR0HRot+yOCdCO7u4hX3pWft6kWBBcqh0UA==",
      "requires": {
        "brace-expansion": "^1.1.7"
      }
    },
    "mysql2": {
      "version": "1.5.3",
      "resolved": "https://registry.npmjs.org/mysql2/-/mysql2-1.5.3.tgz",
      "integrity": "sha512-Oov36YQSeciNP9SeqE7je4eWgeGADOorXLmsqhtxOJmPGUOJSNJT0s6/eq1Byy4nhXTRQUvlMHsI4Q/eMEs88Q==",
      "requires": {
        "cardinal": "1.0.0",
        "denque": "1.2.3",
        "generate-function": "^2.0.0",
        "iconv-lite": "^0.4.18",
        "long": "^4.0.0",
        "lru-cache": "4.1.1",
        "named-placeholders": "1.1.1",
        "object-assign": "^4.1.1",
        "readable-stream": "2.3.5",
        "safe-buffer": "^5.0.1",
        "seq-queue": "0.0.5",
        "sqlstring": "2.3.1"
      }
    },
    "named-placeholders": {
      "version": "1.1.1",
      "resolved": "https://registry.npmjs.org/named-placeholders/-/named-placeholders-1.1.1.tgz",
      "integrity": "sha1-O3oNJiA910s6nfTJz7gnsvuQfmQ=",
      "requires": {
        "lru-cache": "2.5.0"
      },
      "dependencies": {
        "lru-cache": {
          "version": "2.5.0",
          "resolved": "https://registry.npmjs.org/lru-cache/-/lru-cache-2.5.0.tgz",
          "integrity": "sha1-2COIrpyWC+y+oMc7uet5tsbOmus="
        }
      }
    },
    "nigel": {
      "version": "3.0.1",
      "resolved": "https://registry.npmjs.org/nigel/-/nigel-3.0.1.tgz",
      "integrity": "sha512-kCVtUG9JyD//tsYrZY+/Y+2gUrANVSba8y23QkM5Znx0FOxlnl9Z4OVPBODmstKWTOvigfTO+Va1VPOu3eWSOQ==",
      "requires": {
        "hoek": "5.x.x",
        "vise": "3.x.x"
      }
    },
    "object-assign": {
      "version": "4.1.1",
      "resolved": "https://registry.npmjs.org/object-assign/-/object-assign-4.1.1.tgz",
      "integrity": "sha1-IQmtx5ZYh8/AXLvUQsrIv7s2CGM="
    },
    "pez": {
      "version": "4.0.2",
      "resolved": "https://registry.npmjs.org/pez/-/pez-4.0.2.tgz",
      "integrity": "sha512-HuPxmGxHsEFPWhdkwBs2gIrHhFqktIxMtudISTFN95RQ85ZZAOl8Ki6u3nnN/X8OUaGlIGldk/l8p2IR4/i76w==",
      "requires": {
        "b64": "4.x.x",
        "boom": "7.x.x",
        "content": "4.x.x",
        "hoek": "5.x.x",
        "nigel": "3.x.x"
      }
    },
    "podium": {
      "version": "3.1.2",
      "resolved": "https://registry.npmjs.org/podium/-/podium-3.1.2.tgz",
      "integrity": "sha512-18VrjJAduIdPv7d9zWsfmKxTj3cQTYC5Pv5gtKxcWujYBpGbV+mhNSPYhlHW5xeWoazYyKfB9FEsPT12r5rY1A==",
      "requires": {
        "hoek": "5.x.x",
        "joi": "13.x.x"
      }
    },
    "process-nextick-args": {
      "version": "2.0.0",
      "resolved": "https://registry.npmjs.org/process-nextick-args/-/process-nextick-args-2.0.0.tgz",
      "integrity": "sha512-MtEC1TqN0EU5nephaJ4rAtThHtC86dNN9qCuEhtshvpVBkAW5ZO7BASN9REnF9eoXGcRub+pFuKEpOHE+HbEMw=="
    },
    "pseudomap": {
      "version": "1.0.2",
      "resolved": "https://registry.npmjs.org/pseudomap/-/pseudomap-1.0.2.tgz",
      "integrity": "sha1-8FKijacOYYkX7wqKw0wa5aaChrM="
    },
    "punycode": {
      "version": "2.1.0",
      "resolved": "https://registry.npmjs.org/punycode/-/punycode-2.1.0.tgz",
      "integrity": "sha1-X4Y+3Im5bbCQdLrXlHvwkFbKTn0="
    },
    "readable-stream": {
      "version": "2.3.5",
      "resolved": "https://registry.npmjs.org/readable-stream/-/readable-stream-2.3.5.tgz",
      "integrity": "sha512-tK0yDhrkygt/knjowCUiWP9YdV7c5R+8cR0r/kt9ZhBU906Fs6RpQJCEilamRJj1Nx2rWI6LkW9gKqjTkshhEw==",
      "requires": {
        "core-util-is": "~1.0.0",
        "inherits": "~2.0.3",
        "isarray": "~1.0.0",
        "process-nextick-args": "~2.0.0",
        "safe-buffer": "~5.1.1",
        "string_decoder": "~1.0.3",
        "util-deprecate": "~1.0.1"
      }
    },
    "redeyed": {
      "version": "1.0.1",
      "resolved": "https://registry.npmjs.org/redeyed/-/redeyed-1.0.1.tgz",
      "integrity": "sha1-6WwZO0DAgWsArshCaY5hGF5VSYo=",
      "requires": {
        "esprima": "~3.0.0"
      }
    },
    "safe-buffer": {
      "version": "5.1.2",
      "resolved": "https://registry.npmjs.org/safe-buffer/-/safe-buffer-5.1.2.tgz",
      "integrity": "sha512-Gd2UZBJDkXlY7GbJxfsE8/nvKkUEU1G38c1siN6QP6a9PT9MmHB8GnpscSmMJSoF8LOIrt8ud/wPtojys4G6+g=="
    },
    "safer-buffer": {
      "version": "2.1.2",
      "resolved": "https://registry.npmjs.org/safer-buffer/-/safer-buffer-2.1.2.tgz",
      "integrity": "sha512-YZo3K82SD7Riyi0E1EQPojLz7kpepnSQI9IyPbHHg1XXXevb5dJI7tpyN2ADxGcQbHG7vcyRHk0cbwqcQriUtg=="
    },
    "seq-queue": {
      "version": "0.0.5",
      "resolved": "https://registry.npmjs.org/seq-queue/-/seq-queue-0.0.5.tgz",
      "integrity": "sha1-1WgS4cAXpuTnw+Ojeh2m143TyT4="
    },
    "shot": {
      "version": "4.0.5",
      "resolved": "https://registry.npmjs.org/shot/-/shot-4.0.5.tgz",
      "integrity": "sha1-x+dFXRHWD2ts08Q+FaO0McF+VWY=",
      "requires": {
        "hoek": "5.x.x",
        "joi": "13.x.x"
      }
    },
    "sqlstring": {
      "version": "2.3.1",
      "resolved": "https://registry.npmjs.org/sqlstring/-/sqlstring-2.3.1.tgz",
      "integrity": "sha1-R1OT/56RR5rqYtyvDKPRSYOn+0A="
    },
    "statehood": {
      "version": "6.0.6",
      "resolved": "https://registry.npmjs.org/statehood/-/statehood-6.0.6.tgz",
      "integrity": "sha512-jR45n5ZMAkasw0xoE9j9TuLmJv4Sa3AkXe+6yIFT6a07kXYHgSbuD2OVGECdZGFxTmvNqLwL1iRIgvq6O6rq+A==",
      "requires": {
        "boom": "7.x.x",
        "bounce": "1.x.x",
        "cryptiles": "4.x.x",
        "hoek": "5.x.x",
        "iron": "5.x.x",
        "joi": "13.x.x"
      }
    },
    "string_decoder": {
      "version": "1.0.3",
      "resolved": "https://registry.npmjs.org/string_decoder/-/string_decoder-1.0.3.tgz",
      "integrity": "sha512-4AH6Z5fzNNBcH+6XDMfA/BTt87skxqJlO0lAh3Dker5zThcAxG6mKz+iGu308UKoPPQ8Dcqx/4JhujzltRa+hQ==",
      "requires": {
        "safe-buffer": "~5.1.0"
      }
    },
    "subtext": {
      "version": "6.0.7",
      "resolved": "https://registry.npmjs.org/subtext/-/subtext-6.0.7.tgz",
      "integrity": "sha512-IcJUvRjeR+NB437Iq+LORFNJW4L6Knqkj3oQrBrkdhIaS2VKJvx/9aYEq7vi+PEx5/OuehOL/40SkSZotLi/MA==",
      "requires": {
        "boom": "7.x.x",
        "content": "4.x.x",
        "hoek": "5.x.x",
        "pez": "4.x.x",
        "wreck": "14.x.x"
      }
    },
    "teamwork": {
      "version": "3.0.1",
      "resolved": "https://registry.npmjs.org/teamwork/-/teamwork-3.0.1.tgz",
      "integrity": "sha512-hEkJIpDOfOYe9NYaLFk00zQbzZeKNCY8T2pRH3I13Y1mJwxaSQ6NEsjY5rCp+11ezCiZpWGoGFTbOuhg4qKevQ=="
    },
    "topo": {
      "version": "3.0.0",
      "resolved": "https://registry.npmjs.org/topo/-/topo-3.0.0.tgz",
      "integrity": "sha512-Tlu1fGlR90iCdIPURqPiufqAlCZYzLjHYVVbcFWDMcX7+tK8hdZWAfsMrD/pBul9jqHHwFjNdf1WaxA9vTRRhw==",
      "requires": {
        "hoek": "5.x.x"
      }
    },
    "twig": {
      "version": "1.11.0",
      "resolved": "https://registry.npmjs.org/twig/-/twig-1.11.0.tgz",
      "integrity": "sha1-bJLyYWLESZKXqoSLND7qc5omvUg=",
      "requires": {
        "locutus": "^2.0.5",
        "minimatch": "3.0.x",
        "walk": "2.3.x"
      }
    },
    "util-deprecate": {
      "version": "1.0.2",
      "resolved": "https://registry.npmjs.org/util-deprecate/-/util-deprecate-1.0.2.tgz",
      "integrity": "sha1-RQ1Nyfpw3nMnYvvS1KKJgUGaDM8="
    },
    "vise": {
      "version": "3.0.0",
      "resolved": "https://registry.npmjs.org/vise/-/vise-3.0.0.tgz",
      "integrity": "sha512-kBFZLmiL1Vm3rHXphkhvvAcsjgeQXRrOFCbJb0I50YZZP4HGRNH+xGzK3matIMcpbsfr3I02u9odj4oCD0TWgA==",
      "requires": {
        "hoek": "5.x.x"
      }
    },
    "vision": {
      "version": "5.3.2",
      "resolved": "https://registry.npmjs.org/vision/-/vision-5.3.2.tgz",
      "integrity": "sha512-J4pEZnenx1Hz6ewx9Vtg5njulwSP7tZJFGmmiB2Ro6bN5BbZja1IEZY0eAbr/lsQd7Zxd51C4ZN5K6coFNTjvw==",
      "requires": {
        "boom": "7.x.x",
        "hoek": "5.x.x",
        "items": "2.x.x",
        "joi": "13.x.x"
      }
    },
    "walk": {
      "version": "2.3.13",
      "resolved": "https://registry.npmjs.org/walk/-/walk-2.3.13.tgz",
      "integrity": "sha512-78SMe7To9U7kqVhSoGho3GfspA089ZDBIj2f8jElg2hi6lUCoagtDJ8sSMFNlpAh5Ib8Jt1gQ6Y7gh9mzHtFng==",
      "requires": {
        "foreachasync": "^3.0.0"
      }
    },
    "wreck": {
      "version": "14.0.2",
      "resolved": "https://registry.npmjs.org/wreck/-/wreck-14.0.2.tgz",
      "integrity": "sha512-QCm3omWNJUseqrSzwX2QZi1rBbmCfbFHJAXputLLyZ37VSiFnSYQB0ms/mPnSvrlIu7GVm89Y/gBNhSY26uVIQ==",
      "requires": {
        "boom": "7.x.x",
        "hoek": "5.x.x"
      }
    },
    "yallist": {
      "version": "2.1.2",
      "resolved": "https://registry.npmjs.org/yallist/-/yallist-2.1.2.tgz",
      "integrity": "sha1-HBH5IY8HYImkfdUS+TxmmaaoHVI="
    }
  }
}
